// !$*UTF8*$!
{
	archiveVersion = 1;
	classes = {
	};
	objectVersion = 50;
	objects = {

/* Begin PBXBuildFile section */
		3F2181B3C41916C3C1052F5F /* Pods_booze_ios.framework in Frameworks */ = {isa = PBXBuildFile; fileRef = AAF39E7145F0BA595FA75EA7 /* Pods_booze_ios.framework */; };
		765BFE01217B489400FE36EA /* Contact.swift in Sources */ = {isa = PBXBuildFile; fileRef = 765BFE00217B489400FE36EA /* Contact.swift */; };
		765BFE03217B4A1800FE36EA /* CNContact+ToCustomContact.swift in Sources */ = {isa = PBXBuildFile; fileRef = 765BFE02217B4A1800FE36EA /* CNContact+ToCustomContact.swift */; };
		765BFE05217B4C2200FE36EA /* AddBooze.storyboard in Resources */ = {isa = PBXBuildFile; fileRef = 765BFE04217B4C2200FE36EA /* AddBooze.storyboard */; };
		765BFE09217B4E3400FE36EA /* AddBoozeTableViewCell.swift in Sources */ = {isa = PBXBuildFile; fileRef = 765BFE07217B4E3400FE36EA /* AddBoozeTableViewCell.swift */; };
		765BFE0A217B4E3400FE36EA /* AddBoozeTableViewCell.xib in Resources */ = {isa = PBXBuildFile; fileRef = 765BFE08217B4E3400FE36EA /* AddBoozeTableViewCell.xib */; };
		765BFE0C217B50BB00FE36EA /* AddBoozeTableViewCellModel.swift in Sources */ = {isa = PBXBuildFile; fileRef = 765BFE0B217B50BB00FE36EA /* AddBoozeTableViewCellModel.swift */; };
		765BFE0E217B515300FE36EA /* Date+ToHumanString.swift in Sources */ = {isa = PBXBuildFile; fileRef = 765BFE0D217B515300FE36EA /* Date+ToHumanString.swift */; };
		765BFE12217B577500FE36EA /* AddBoozeUserTableViewCell.swift in Sources */ = {isa = PBXBuildFile; fileRef = 765BFE10217B577500FE36EA /* AddBoozeUserTableViewCell.swift */; };
		765BFE13217B577500FE36EA /* AddBoozeUserTableViewCell.xib in Resources */ = {isa = PBXBuildFile; fileRef = 765BFE11217B577500FE36EA /* AddBoozeUserTableViewCell.xib */; };
		765BFE16217B61CF00FE36EA /* AddBoozeHeaderTableView.swift in Sources */ = {isa = PBXBuildFile; fileRef = 765BFE15217B61CF00FE36EA /* AddBoozeHeaderTableView.swift */; };
		765BFE18217B61EA00FE36EA /* AddBoozeHeaderTableView.xib in Resources */ = {isa = PBXBuildFile; fileRef = 765BFE17217B61EA00FE36EA /* AddBoozeHeaderTableView.xib */; };
		765BFE1C217B665300FE36EA /* AddBoozeInviteTableViewCell.swift in Sources */ = {isa = PBXBuildFile; fileRef = 765BFE1A217B665300FE36EA /* AddBoozeInviteTableViewCell.swift */; };
		765BFE1D217B665300FE36EA /* AddBoozeInviteTableViewCell.xib in Resources */ = {isa = PBXBuildFile; fileRef = 765BFE1B217B665300FE36EA /* AddBoozeInviteTableViewCell.xib */; };
		765BFE21217B6C8100FE36EA /* Contacts.storyboard in Resources */ = {isa = PBXBuildFile; fileRef = 765BFE20217B6C8100FE36EA /* Contacts.storyboard */; };
		765BFE23217B6CB800FE36EA /* ContactsVC.swift in Sources */ = {isa = PBXBuildFile; fileRef = 765BFE22217B6CB800FE36EA /* ContactsVC.swift */; };
		765BFE2B217B6E9E00FE36EA /* ContactTableViewCell.swift in Sources */ = {isa = PBXBuildFile; fileRef = 765BFE29217B6E9E00FE36EA /* ContactTableViewCell.swift */; };
		765BFE2C217B6E9E00FE36EA /* ContactTableViewCell.xib in Resources */ = {isa = PBXBuildFile; fileRef = 765BFE2A217B6E9E00FE36EA /* ContactTableViewCell.xib */; };
		765BFE2F217BB63100FE36EA /* String+DateStringToTimeStumpInt.swift in Sources */ = {isa = PBXBuildFile; fileRef = 765BFE2E217BB63100FE36EA /* String+DateStringToTimeStumpInt.swift */; };
		765BFE31217BD58E00FE36EA /* Transaction.swift in Sources */ = {isa = PBXBuildFile; fileRef = 765BFE30217BD58E00FE36EA /* Transaction.swift */; };
		765BFE35217C521C00FE36EA /* PartyRequestModel.swift in Sources */ = {isa = PBXBuildFile; fileRef = 765BFE34217C521C00FE36EA /* PartyRequestModel.swift */; };
		765BFE38217C57BA00FE36EA /* BoozeVC.swift in Sources */ = {isa = PBXBuildFile; fileRef = 765BFE37217C57BA00FE36EA /* BoozeVC.swift */; };
		765BFE3A217C57C700FE36EA /* Booze.storyboard in Resources */ = {isa = PBXBuildFile; fileRef = 765BFE39217C57C700FE36EA /* Booze.storyboard */; };
		765BFE40217C5D0800FE36EA /* BoozeUserTableViewCell.swift in Sources */ = {isa = PBXBuildFile; fileRef = 765BFE3E217C5D0800FE36EA /* BoozeUserTableViewCell.swift */; };
		765BFE41217C5D0800FE36EA /* BoozeUserTableViewCell.xib in Resources */ = {isa = PBXBuildFile; fileRef = 765BFE3F217C5D0800FE36EA /* BoozeUserTableViewCell.xib */; };
		765BFE45217C6A3500FE36EA /* BoozeTransactionTableViewCell.swift in Sources */ = {isa = PBXBuildFile; fileRef = 765BFE43217C6A3500FE36EA /* BoozeTransactionTableViewCell.swift */; };
		765BFE46217C6A3500FE36EA /* BoozeTransactionTableViewCell.xib in Resources */ = {isa = PBXBuildFile; fileRef = 765BFE44217C6A3500FE36EA /* BoozeTransactionTableViewCell.xib */; };
		765BFE4A217CA6E600FE36EA /* AddTransaction.storyboard in Resources */ = {isa = PBXBuildFile; fileRef = 765BFE49217CA6E600FE36EA /* AddTransaction.storyboard */; };
		765BFE4C217CA70200FE36EA /* AddTransactionVC.swift in Sources */ = {isa = PBXBuildFile; fileRef = 765BFE4B217CA70100FE36EA /* AddTransactionVC.swift */; };
		765BFE4E217CB21400FE36EA /* TransactionRequestModel.swift in Sources */ = {isa = PBXBuildFile; fileRef = 765BFE4D217CB21400FE36EA /* TransactionRequestModel.swift */; };
		765BFE50217CB46800FE36EA /* PaymentRequestModel.swift in Sources */ = {isa = PBXBuildFile; fileRef = 765BFE4F217CB46800FE36EA /* PaymentRequestModel.swift */; };
		765BFE52217CB98000FE36EA /* LoginResponseModel.swift in Sources */ = {isa = PBXBuildFile; fileRef = 765BFE51217CB98000FE36EA /* LoginResponseModel.swift */; };
		765BFE55217CBE8200FE36EA /* CustomDatePicker.xib in Resources */ = {isa = PBXBuildFile; fileRef = 765BFE54217CBE8200FE36EA /* CustomDatePicker.xib */; };
		765BFE57217CBF4900FE36EA /* CustomDatePicker.swift in Sources */ = {isa = PBXBuildFile; fileRef = 765BFE56217CBF4900FE36EA /* CustomDatePicker.swift */; };
		76BB109C217E67BD004962F0 /* PartyResponseModel.swift in Sources */ = {isa = PBXBuildFile; fileRef = 76BB109B217E67BD004962F0 /* PartyResponseModel.swift */; };
		76EC977B217A4CB600A50261 /* AppDelegate.swift in Sources */ = {isa = PBXBuildFile; fileRef = 76EC977A217A4CB600A50261 /* AppDelegate.swift */; };
		76EC9782217A4CB700A50261 /* Assets.xcassets in Resources */ = {isa = PBXBuildFile; fileRef = 76EC9781217A4CB700A50261 /* Assets.xcassets */; };
		76EC9785217A4CB700A50261 /* LaunchScreen.storyboard in Resources */ = {isa = PBXBuildFile; fileRef = 76EC9783217A4CB700A50261 /* LaunchScreen.storyboard */; };
		76EC978E217A4EBA00A50261 /* MainTabBarController.swift in Sources */ = {isa = PBXBuildFile; fileRef = 76EC978D217A4EBA00A50261 /* MainTabBarController.swift */; };
		76EC9792217A51EC00A50261 /* Boozies.storyboard in Resources */ = {isa = PBXBuildFile; fileRef = 76EC9791217A51EC00A50261 /* Boozies.storyboard */; };
		76EC9794217A521300A50261 /* BooziesVC.swift in Sources */ = {isa = PBXBuildFile; fileRef = 76EC9793217A521300A50261 /* BooziesVC.swift */; };
		76EC9797217A54B900A50261 /* ImageResources.swift in Sources */ = {isa = PBXBuildFile; fileRef = 76EC9796217A54B900A50261 /* ImageResources.swift */; };
		76EC9799217A552C00A50261 /* Profile.storyboard in Resources */ = {isa = PBXBuildFile; fileRef = 76EC9798217A552C00A50261 /* Profile.storyboard */; };
		76EC979B217A554E00A50261 /* ProfileVC.swift in Sources */ = {isa = PBXBuildFile; fileRef = 76EC979A217A554E00A50261 /* ProfileVC.swift */; };
		76EC979D217A5CB500A50261 /* ColorResources.swift in Sources */ = {isa = PBXBuildFile; fileRef = 76EC979C217A5CB500A50261 /* ColorResources.swift */; };
		76EC97A1217A5DC600A50261 /* BooziesTableViewCell.swift in Sources */ = {isa = PBXBuildFile; fileRef = 76EC979F217A5DC600A50261 /* BooziesTableViewCell.swift */; };
		76EC97A2217A5DC600A50261 /* BooziesTableViewCell.xib in Resources */ = {isa = PBXBuildFile; fileRef = 76EC97A0217A5DC600A50261 /* BooziesTableViewCell.xib */; };
		76EC97A6217A662C00A50261 /* APIClient.swift in Sources */ = {isa = PBXBuildFile; fileRef = 76EC97A5217A662C00A50261 /* APIClient.swift */; };
		76EC97AB217A6B0500A50261 /* AddBoozeVC.swift in Sources */ = {isa = PBXBuildFile; fileRef = 76EC97AA217A6B0500A50261 /* AddBoozeVC.swift */; };
		76EC97AE217A766B00A50261 /* UIViewController+CustomNavigationBar.swift in Sources */ = {isa = PBXBuildFile; fileRef = 76EC97AD217A766B00A50261 /* UIViewController+CustomNavigationBar.swift */; };
		76EC97BF217A82E700A50261 /* UIImageView+CustomRoundImageView.swift in Sources */ = {isa = PBXBuildFile; fileRef = 76EC97BE217A82E700A50261 /* UIImageView+CustomRoundImageView.swift */; };
		76EC97C4217A94C200A50261 /* Auth.storyboard in Resources */ = {isa = PBXBuildFile; fileRef = 76EC97C3217A94C200A50261 /* Auth.storyboard */; };
		76EC97C6217A94FB00A50261 /* AuthVC.swift in Sources */ = {isa = PBXBuildFile; fileRef = 76EC97C5217A94FB00A50261 /* AuthVC.swift */; };
		76EC97C8217A955700A50261 /* UIColor+HexColor.swift in Sources */ = {isa = PBXBuildFile; fileRef = 76EC97C7217A955700A50261 /* UIColor+HexColor.swift */; };
		76EC97CB217AA2A600A50261 /* CodeConformition.storyboard in Resources */ = {isa = PBXBuildFile; fileRef = 76EC97CA217AA2A600A50261 /* CodeConformition.storyboard */; };
		76EC97CD217AA2BE00A50261 /* CodeConformitionVC.swift in Sources */ = {isa = PBXBuildFile; fileRef = 76EC97CC217AA2BE00A50261 /* CodeConformitionVC.swift */; };
		76EC97DF217AA7EF00A50261 /* LICENSE.txt in Resources */ = {isa = PBXBuildFile; fileRef = 76EC97D2217AA7EE00A50261 /* LICENSE.txt */; };
		76EC97E2217AA7EF00A50261 /* Roboto-Regular.ttf in Resources */ = {isa = PBXBuildFile; fileRef = 76EC97D5217AA7EE00A50261 /* Roboto-Regular.ttf */; };
		76EC97E3217AA7EF00A50261 /* Roboto-Bold.ttf in Resources */ = {isa = PBXBuildFile; fileRef = 76EC97D6217AA7EE00A50261 /* Roboto-Bold.ttf */; };
		76EC97E5217AA7EF00A50261 /* Roboto-Medium.ttf in Resources */ = {isa = PBXBuildFile; fileRef = 76EC97D8217AA7EF00A50261 /* Roboto-Medium.ttf */; };
		76EC97E6217AA7EF00A50261 /* Roboto-Black.ttf in Resources */ = {isa = PBXBuildFile; fileRef = 76EC97D9217AA7EF00A50261 /* Roboto-Black.ttf */; };
		76EC97E8217AA7EF00A50261 /* Roboto-Light.ttf in Resources */ = {isa = PBXBuildFile; fileRef = 76EC97DB217AA7EF00A50261 /* Roboto-Light.ttf */; };
		76EC97EF217AAF6700A50261 /* ProfileUserTableViewCell.xib in Resources */ = {isa = PBXBuildFile; fileRef = 76EC97ED217AAF6700A50261 /* ProfileUserTableViewCell.xib */; };
		76EC97F0217AAF6700A50261 /* ProfileUserTableViewCell.swift in Sources */ = {isa = PBXBuildFile; fileRef = 76EC97EE217AAF6700A50261 /* ProfileUserTableViewCell.swift */; };
		76EC97F6217AB27200A50261 /* ProfileSwitchTableViewCell.swift in Sources */ = {isa = PBXBuildFile; fileRef = 76EC97F4217AB27200A50261 /* ProfileSwitchTableViewCell.swift */; };
		76EC97F7217AB27200A50261 /* ProfileSwitchTableViewCell.xib in Resources */ = {isa = PBXBuildFile; fileRef = 76EC97F5217AB27200A50261 /* ProfileSwitchTableViewCell.xib */; };
		76EC97FB217AB41100A50261 /* ProfileTableViewCell.swift in Sources */ = {isa = PBXBuildFile; fileRef = 76EC97F9217AB41100A50261 /* ProfileTableViewCell.swift */; };
		76EC97FC217AB41100A50261 /* ProfileTableViewCell.xib in Resources */ = {isa = PBXBuildFile; fileRef = 76EC97FA217AB41100A50261 /* ProfileTableViewCell.xib */; };
		76EC97FE217AB54500A50261 /* ProfileTableViewCellModel.swift in Sources */ = {isa = PBXBuildFile; fileRef = 76EC97FD217AB54500A50261 /* ProfileTableViewCellModel.swift */; };
		76EC9802217AB8DD00A50261 /* ProfileExitTableViewCell.swift in Sources */ = {isa = PBXBuildFile; fileRef = 76EC9800217AB8DD00A50261 /* ProfileExitTableViewCell.swift */; };
		76EC9803217AB8DD00A50261 /* ProfileExitTableViewCell.xib in Resources */ = {isa = PBXBuildFile; fileRef = 76EC9801217AB8DD00A50261 /* ProfileExitTableViewCell.xib */; };
		76EC9808217AD10C00A50261 /* UserSessionTracker.swift in Sources */ = {isa = PBXBuildFile; fileRef = 76EC9807217AD10C00A50261 /* UserSessionTracker.swift */; };
		76EC9811217ADD0C00A50261 /* DataClient.swift in Sources */ = {isa = PBXBuildFile; fileRef = 76EC9810217ADD0C00A50261 /* DataClient.swift */; };
		76EC9814217AE24B00A50261 /* User.swift in Sources */ = {isa = PBXBuildFile; fileRef = 76EC9813217AE24B00A50261 /* User.swift */; };
		76EC9817217AE44400A50261 /* RegistrationResponseModel.swift in Sources */ = {isa = PBXBuildFile; fileRef = 76EC9816217AE44400A50261 /* RegistrationResponseModel.swift */; };
		76EC9819217AED7000A50261 /* Party.swift in Sources */ = {isa = PBXBuildFile; fileRef = 76EC9818217AED7000A50261 /* Party.swift */; };
		76EC981E217AFD6C00A50261 /* AppRouter.swift in Sources */ = {isa = PBXBuildFile; fileRef = 76EC981D217AFD6C00A50261 /* AppRouter.swift */; };
		76EC9820217B033F00A50261 /* UIViewController+LogoutAlert.swift in Sources */ = {isa = PBXBuildFile; fileRef = 76EC981F217B033F00A50261 /* UIViewController+LogoutAlert.swift */; };
		76EC9822217B216800A50261 /* Array+CountToHumanString.swift in Sources */ = {isa = PBXBuildFile; fileRef = 76EC9821217B216800A50261 /* Array+CountToHumanString.swift */; };
		76EC9824217B229800A50261 /* Int+TimeStumpToHumanDate.swift in Sources */ = {isa = PBXBuildFile; fileRef = 76EC9823217B229800A50261 /* Int+TimeStumpToHumanDate.swift */; };
		76EC9827217B30E900A50261 /* ContactsClient.swift in Sources */ = {isa = PBXBuildFile; fileRef = 76EC9826217B30E900A50261 /* ContactsClient.swift */; };
/* End PBXBuildFile section */

/* Begin PBXFileReference section */
		05F6AE5A0F6699E75421B2C3 /* Pods-booze-ios.debug.xcconfig */ = {isa = PBXFileReference; includeInIndex = 1; lastKnownFileType = text.xcconfig; name = "Pods-booze-ios.debug.xcconfig"; path = "Pods/Target Support Files/Pods-booze-ios/Pods-booze-ios.debug.xcconfig"; sourceTree = "<group>"; };
		457F2E7944DA7402D4182466 /* Pods-booze-ios.release.xcconfig */ = {isa = PBXFileReference; includeInIndex = 1; lastKnownFileType = text.xcconfig; name = "Pods-booze-ios.release.xcconfig"; path = "Pods/Target Support Files/Pods-booze-ios/Pods-booze-ios.release.xcconfig"; sourceTree = "<group>"; };
		765BFE00217B489400FE36EA /* Contact.swift */ = {isa = PBXFileReference; lastKnownFileType = sourcecode.swift; path = Contact.swift; sourceTree = "<group>"; };
		765BFE02217B4A1800FE36EA /* CNContact+ToCustomContact.swift */ = {isa = PBXFileReference; lastKnownFileType = sourcecode.swift; path = "CNContact+ToCustomContact.swift"; sourceTree = "<group>"; };
		765BFE04217B4C2200FE36EA /* AddBooze.storyboard */ = {isa = PBXFileReference; lastKnownFileType = file.storyboard; path = AddBooze.storyboard; sourceTree = "<group>"; };
		765BFE07217B4E3400FE36EA /* AddBoozeTableViewCell.swift */ = {isa = PBXFileReference; lastKnownFileType = sourcecode.swift; path = AddBoozeTableViewCell.swift; sourceTree = "<group>"; };
		765BFE08217B4E3400FE36EA /* AddBoozeTableViewCell.xib */ = {isa = PBXFileReference; lastKnownFileType = file.xib; path = AddBoozeTableViewCell.xib; sourceTree = "<group>"; };
		765BFE0B217B50BB00FE36EA /* AddBoozeTableViewCellModel.swift */ = {isa = PBXFileReference; lastKnownFileType = sourcecode.swift; path = AddBoozeTableViewCellModel.swift; sourceTree = "<group>"; };
		765BFE0D217B515300FE36EA /* Date+ToHumanString.swift */ = {isa = PBXFileReference; lastKnownFileType = sourcecode.swift; path = "Date+ToHumanString.swift"; sourceTree = "<group>"; };
		765BFE10217B577500FE36EA /* AddBoozeUserTableViewCell.swift */ = {isa = PBXFileReference; lastKnownFileType = sourcecode.swift; path = AddBoozeUserTableViewCell.swift; sourceTree = "<group>"; };
		765BFE11217B577500FE36EA /* AddBoozeUserTableViewCell.xib */ = {isa = PBXFileReference; lastKnownFileType = file.xib; path = AddBoozeUserTableViewCell.xib; sourceTree = "<group>"; };
		765BFE15217B61CF00FE36EA /* AddBoozeHeaderTableView.swift */ = {isa = PBXFileReference; lastKnownFileType = sourcecode.swift; path = AddBoozeHeaderTableView.swift; sourceTree = "<group>"; };
		765BFE17217B61EA00FE36EA /* AddBoozeHeaderTableView.xib */ = {isa = PBXFileReference; lastKnownFileType = file.xib; path = AddBoozeHeaderTableView.xib; sourceTree = "<group>"; };
		765BFE1A217B665300FE36EA /* AddBoozeInviteTableViewCell.swift */ = {isa = PBXFileReference; lastKnownFileType = sourcecode.swift; path = AddBoozeInviteTableViewCell.swift; sourceTree = "<group>"; };
		765BFE1B217B665300FE36EA /* AddBoozeInviteTableViewCell.xib */ = {isa = PBXFileReference; lastKnownFileType = file.xib; path = AddBoozeInviteTableViewCell.xib; sourceTree = "<group>"; };
		765BFE20217B6C8100FE36EA /* Contacts.storyboard */ = {isa = PBXFileReference; lastKnownFileType = file.storyboard; path = Contacts.storyboard; sourceTree = "<group>"; };
		765BFE22217B6CB800FE36EA /* ContactsVC.swift */ = {isa = PBXFileReference; lastKnownFileType = sourcecode.swift; path = ContactsVC.swift; sourceTree = "<group>"; };
		765BFE29217B6E9E00FE36EA /* ContactTableViewCell.swift */ = {isa = PBXFileReference; lastKnownFileType = sourcecode.swift; path = ContactTableViewCell.swift; sourceTree = "<group>"; };
		765BFE2A217B6E9E00FE36EA /* ContactTableViewCell.xib */ = {isa = PBXFileReference; lastKnownFileType = file.xib; path = ContactTableViewCell.xib; sourceTree = "<group>"; };
		765BFE2D217B7AFE00FE36EA /* booze-ios.entitlements */ = {isa = PBXFileReference; lastKnownFileType = text.plist.entitlements; path = "booze-ios.entitlements"; sourceTree = "<group>"; };
		765BFE2E217BB63100FE36EA /* String+DateStringToTimeStumpInt.swift */ = {isa = PBXFileReference; lastKnownFileType = sourcecode.swift; path = "String+DateStringToTimeStumpInt.swift"; sourceTree = "<group>"; };
		765BFE30217BD58E00FE36EA /* Transaction.swift */ = {isa = PBXFileReference; lastKnownFileType = sourcecode.swift; path = Transaction.swift; sourceTree = "<group>"; };
		765BFE34217C521C00FE36EA /* PartyRequestModel.swift */ = {isa = PBXFileReference; lastKnownFileType = sourcecode.swift; path = PartyRequestModel.swift; sourceTree = "<group>"; };
		765BFE37217C57BA00FE36EA /* BoozeVC.swift */ = {isa = PBXFileReference; lastKnownFileType = sourcecode.swift; path = BoozeVC.swift; sourceTree = "<group>"; };
		765BFE39217C57C700FE36EA /* Booze.storyboard */ = {isa = PBXFileReference; lastKnownFileType = file.storyboard; path = Booze.storyboard; sourceTree = "<group>"; };
		765BFE3E217C5D0800FE36EA /* BoozeUserTableViewCell.swift */ = {isa = PBXFileReference; lastKnownFileType = sourcecode.swift; path = BoozeUserTableViewCell.swift; sourceTree = "<group>"; };
		765BFE3F217C5D0800FE36EA /* BoozeUserTableViewCell.xib */ = {isa = PBXFileReference; lastKnownFileType = file.xib; path = BoozeUserTableViewCell.xib; sourceTree = "<group>"; };
		765BFE43217C6A3500FE36EA /* BoozeTransactionTableViewCell.swift */ = {isa = PBXFileReference; lastKnownFileType = sourcecode.swift; path = BoozeTransactionTableViewCell.swift; sourceTree = "<group>"; };
		765BFE44217C6A3500FE36EA /* BoozeTransactionTableViewCell.xib */ = {isa = PBXFileReference; lastKnownFileType = file.xib; path = BoozeTransactionTableViewCell.xib; sourceTree = "<group>"; };
		765BFE49217CA6E600FE36EA /* AddTransaction.storyboard */ = {isa = PBXFileReference; lastKnownFileType = file.storyboard; path = AddTransaction.storyboard; sourceTree = "<group>"; };
		765BFE4B217CA70100FE36EA /* AddTransactionVC.swift */ = {isa = PBXFileReference; lastKnownFileType = sourcecode.swift; path = AddTransactionVC.swift; sourceTree = "<group>"; };
		765BFE4D217CB21400FE36EA /* TransactionRequestModel.swift */ = {isa = PBXFileReference; lastKnownFileType = sourcecode.swift; path = TransactionRequestModel.swift; sourceTree = "<group>"; };
		765BFE4F217CB46800FE36EA /* PaymentRequestModel.swift */ = {isa = PBXFileReference; lastKnownFileType = sourcecode.swift; path = PaymentRequestModel.swift; sourceTree = "<group>"; };
		765BFE51217CB98000FE36EA /* LoginResponseModel.swift */ = {isa = PBXFileReference; lastKnownFileType = sourcecode.swift; path = LoginResponseModel.swift; sourceTree = "<group>"; };
		765BFE54217CBE8200FE36EA /* CustomDatePicker.xib */ = {isa = PBXFileReference; lastKnownFileType = file.xib; path = CustomDatePicker.xib; sourceTree = "<group>"; };
		765BFE56217CBF4900FE36EA /* CustomDatePicker.swift */ = {isa = PBXFileReference; lastKnownFileType = sourcecode.swift; path = CustomDatePicker.swift; sourceTree = "<group>"; };
		76BB109B217E67BD004962F0 /* PartyResponseModel.swift */ = {isa = PBXFileReference; lastKnownFileType = sourcecode.swift; path = PartyResponseModel.swift; sourceTree = "<group>"; };
		76EC9777217A4CB600A50261 /* booze-ios.app */ = {isa = PBXFileReference; explicitFileType = wrapper.application; includeInIndex = 0; path = "booze-ios.app"; sourceTree = BUILT_PRODUCTS_DIR; };
		76EC977A217A4CB600A50261 /* AppDelegate.swift */ = {isa = PBXFileReference; lastKnownFileType = sourcecode.swift; path = AppDelegate.swift; sourceTree = "<group>"; };
		76EC9781217A4CB700A50261 /* Assets.xcassets */ = {isa = PBXFileReference; lastKnownFileType = folder.assetcatalog; path = Assets.xcassets; sourceTree = "<group>"; };
		76EC9784217A4CB700A50261 /* Base */ = {isa = PBXFileReference; lastKnownFileType = file.storyboard; name = Base; path = Base.lproj/LaunchScreen.storyboard; sourceTree = "<group>"; };
		76EC9786217A4CB700A50261 /* Info.plist */ = {isa = PBXFileReference; lastKnownFileType = text.plist.xml; path = Info.plist; sourceTree = "<group>"; };
		76EC978D217A4EBA00A50261 /* MainTabBarController.swift */ = {isa = PBXFileReference; lastKnownFileType = sourcecode.swift; path = MainTabBarController.swift; sourceTree = "<group>"; };
		76EC9791217A51EC00A50261 /* Boozies.storyboard */ = {isa = PBXFileReference; lastKnownFileType = file.storyboard; path = Boozies.storyboard; sourceTree = "<group>"; };
		76EC9793217A521300A50261 /* BooziesVC.swift */ = {isa = PBXFileReference; lastKnownFileType = sourcecode.swift; path = BooziesVC.swift; sourceTree = "<group>"; };
		76EC9796217A54B900A50261 /* ImageResources.swift */ = {isa = PBXFileReference; lastKnownFileType = sourcecode.swift; path = ImageResources.swift; sourceTree = "<group>"; };
		76EC9798217A552C00A50261 /* Profile.storyboard */ = {isa = PBXFileReference; lastKnownFileType = file.storyboard; path = Profile.storyboard; sourceTree = "<group>"; };
		76EC979A217A554E00A50261 /* ProfileVC.swift */ = {isa = PBXFileReference; lastKnownFileType = sourcecode.swift; path = ProfileVC.swift; sourceTree = "<group>"; };
		76EC979C217A5CB500A50261 /* ColorResources.swift */ = {isa = PBXFileReference; lastKnownFileType = sourcecode.swift; path = ColorResources.swift; sourceTree = "<group>"; };
		76EC979F217A5DC600A50261 /* BooziesTableViewCell.swift */ = {isa = PBXFileReference; lastKnownFileType = sourcecode.swift; path = BooziesTableViewCell.swift; sourceTree = "<group>"; };
		76EC97A0217A5DC600A50261 /* BooziesTableViewCell.xib */ = {isa = PBXFileReference; lastKnownFileType = file.xib; path = BooziesTableViewCell.xib; sourceTree = "<group>"; };
		76EC97A5217A662C00A50261 /* APIClient.swift */ = {isa = PBXFileReference; lastKnownFileType = sourcecode.swift; path = APIClient.swift; sourceTree = "<group>"; };
		76EC97AA217A6B0500A50261 /* AddBoozeVC.swift */ = {isa = PBXFileReference; lastKnownFileType = sourcecode.swift; path = AddBoozeVC.swift; sourceTree = "<group>"; };
		76EC97AD217A766B00A50261 /* UIViewController+CustomNavigationBar.swift */ = {isa = PBXFileReference; lastKnownFileType = sourcecode.swift; path = "UIViewController+CustomNavigationBar.swift"; sourceTree = "<group>"; };
		76EC97BE217A82E700A50261 /* UIImageView+CustomRoundImageView.swift */ = {isa = PBXFileReference; lastKnownFileType = sourcecode.swift; path = "UIImageView+CustomRoundImageView.swift"; sourceTree = "<group>"; };
		76EC97C3217A94C200A50261 /* Auth.storyboard */ = {isa = PBXFileReference; lastKnownFileType = file.storyboard; path = Auth.storyboard; sourceTree = "<group>"; };
		76EC97C5217A94FB00A50261 /* AuthVC.swift */ = {isa = PBXFileReference; lastKnownFileType = sourcecode.swift; path = AuthVC.swift; sourceTree = "<group>"; };
		76EC97C7217A955700A50261 /* UIColor+HexColor.swift */ = {isa = PBXFileReference; lastKnownFileType = sourcecode.swift; path = "UIColor+HexColor.swift"; sourceTree = "<group>"; };
		76EC97CA217AA2A600A50261 /* CodeConformition.storyboard */ = {isa = PBXFileReference; lastKnownFileType = file.storyboard; path = CodeConformition.storyboard; sourceTree = "<group>"; };
		76EC97CC217AA2BE00A50261 /* CodeConformitionVC.swift */ = {isa = PBXFileReference; lastKnownFileType = sourcecode.swift; path = CodeConformitionVC.swift; sourceTree = "<group>"; };
		76EC97D2217AA7EE00A50261 /* LICENSE.txt */ = {isa = PBXFileReference; fileEncoding = 4; lastKnownFileType = text; path = LICENSE.txt; sourceTree = "<group>"; };
		76EC97D5217AA7EE00A50261 /* Roboto-Regular.ttf */ = {isa = PBXFileReference; lastKnownFileType = file; path = "Roboto-Regular.ttf"; sourceTree = "<group>"; };
		76EC97D6217AA7EE00A50261 /* Roboto-Bold.ttf */ = {isa = PBXFileReference; lastKnownFileType = file; path = "Roboto-Bold.ttf"; sourceTree = "<group>"; };
		76EC97D8217AA7EF00A50261 /* Roboto-Medium.ttf */ = {isa = PBXFileReference; lastKnownFileType = file; path = "Roboto-Medium.ttf"; sourceTree = "<group>"; };
		76EC97D9217AA7EF00A50261 /* Roboto-Black.ttf */ = {isa = PBXFileReference; lastKnownFileType = file; path = "Roboto-Black.ttf"; sourceTree = "<group>"; };
		76EC97DB217AA7EF00A50261 /* Roboto-Light.ttf */ = {isa = PBXFileReference; lastKnownFileType = file; path = "Roboto-Light.ttf"; sourceTree = "<group>"; };
		76EC97ED217AAF6700A50261 /* ProfileUserTableViewCell.xib */ = {isa = PBXFileReference; fileEncoding = 4; lastKnownFileType = file.xib; path = ProfileUserTableViewCell.xib; sourceTree = "<group>"; };
		76EC97EE217AAF6700A50261 /* ProfileUserTableViewCell.swift */ = {isa = PBXFileReference; fileEncoding = 4; lastKnownFileType = sourcecode.swift; path = ProfileUserTableViewCell.swift; sourceTree = "<group>"; };
		76EC97F4217AB27200A50261 /* ProfileSwitchTableViewCell.swift */ = {isa = PBXFileReference; lastKnownFileType = sourcecode.swift; path = ProfileSwitchTableViewCell.swift; sourceTree = "<group>"; };
		76EC97F5217AB27200A50261 /* ProfileSwitchTableViewCell.xib */ = {isa = PBXFileReference; lastKnownFileType = file.xib; path = ProfileSwitchTableViewCell.xib; sourceTree = "<group>"; };
		76EC97F9217AB41100A50261 /* ProfileTableViewCell.swift */ = {isa = PBXFileReference; lastKnownFileType = sourcecode.swift; path = ProfileTableViewCell.swift; sourceTree = "<group>"; };
		76EC97FA217AB41100A50261 /* ProfileTableViewCell.xib */ = {isa = PBXFileReference; lastKnownFileType = file.xib; path = ProfileTableViewCell.xib; sourceTree = "<group>"; };
		76EC97FD217AB54500A50261 /* ProfileTableViewCellModel.swift */ = {isa = PBXFileReference; lastKnownFileType = sourcecode.swift; path = ProfileTableViewCellModel.swift; sourceTree = "<group>"; };
		76EC9800217AB8DD00A50261 /* ProfileExitTableViewCell.swift */ = {isa = PBXFileReference; lastKnownFileType = sourcecode.swift; path = ProfileExitTableViewCell.swift; sourceTree = "<group>"; };
		76EC9801217AB8DD00A50261 /* ProfileExitTableViewCell.xib */ = {isa = PBXFileReference; lastKnownFileType = file.xib; path = ProfileExitTableViewCell.xib; sourceTree = "<group>"; };
		76EC9807217AD10C00A50261 /* UserSessionTracker.swift */ = {isa = PBXFileReference; lastKnownFileType = sourcecode.swift; path = UserSessionTracker.swift; sourceTree = "<group>"; };
		76EC9810217ADD0C00A50261 /* DataClient.swift */ = {isa = PBXFileReference; lastKnownFileType = sourcecode.swift; path = DataClient.swift; sourceTree = "<group>"; };
		76EC9813217AE24B00A50261 /* User.swift */ = {isa = PBXFileReference; lastKnownFileType = sourcecode.swift; path = User.swift; sourceTree = "<group>"; };
		76EC9816217AE44400A50261 /* RegistrationResponseModel.swift */ = {isa = PBXFileReference; lastKnownFileType = sourcecode.swift; path = RegistrationResponseModel.swift; sourceTree = "<group>"; };
		76EC9818217AED7000A50261 /* Party.swift */ = {isa = PBXFileReference; lastKnownFileType = sourcecode.swift; path = Party.swift; sourceTree = "<group>"; };
		76EC981D217AFD6C00A50261 /* AppRouter.swift */ = {isa = PBXFileReference; lastKnownFileType = sourcecode.swift; path = AppRouter.swift; sourceTree = "<group>"; };
		76EC981F217B033F00A50261 /* UIViewController+LogoutAlert.swift */ = {isa = PBXFileReference; lastKnownFileType = sourcecode.swift; path = "UIViewController+LogoutAlert.swift"; sourceTree = "<group>"; };
		76EC9821217B216800A50261 /* Array+CountToHumanString.swift */ = {isa = PBXFileReference; lastKnownFileType = sourcecode.swift; path = "Array+CountToHumanString.swift"; sourceTree = "<group>"; };
		76EC9823217B229800A50261 /* Int+TimeStumpToHumanDate.swift */ = {isa = PBXFileReference; lastKnownFileType = sourcecode.swift; path = "Int+TimeStumpToHumanDate.swift"; sourceTree = "<group>"; };
		76EC9826217B30E900A50261 /* ContactsClient.swift */ = {isa = PBXFileReference; lastKnownFileType = sourcecode.swift; path = ContactsClient.swift; sourceTree = "<group>"; };
		AAF39E7145F0BA595FA75EA7 /* Pods_booze_ios.framework */ = {isa = PBXFileReference; explicitFileType = wrapper.framework; includeInIndex = 0; path = Pods_booze_ios.framework; sourceTree = BUILT_PRODUCTS_DIR; };
/* End PBXFileReference section */

/* Begin PBXFrameworksBuildPhase section */
		76EC9774217A4CB600A50261 /* Frameworks */ = {
			isa = PBXFrameworksBuildPhase;
			buildActionMask = 2147483647;
			files = (
				3F2181B3C41916C3C1052F5F /* Pods_booze_ios.framework in Frameworks */,
			);
			runOnlyForDeploymentPostprocessing = 0;
		};
/* End PBXFrameworksBuildPhase section */

/* Begin PBXGroup section */
		113A79F5C7AF51A34F10B084 /* Frameworks */ = {
			isa = PBXGroup;
			children = (
				AAF39E7145F0BA595FA75EA7 /* Pods_booze_ios.framework */,
			);
			name = Frameworks;
			sourceTree = "<group>";
		};
		765BFE06217B4E0300FE36EA /* AddBoozeTopTableViewCell */ = {
			isa = PBXGroup;
			children = (
				765BFE0B217B50BB00FE36EA /* AddBoozeTableViewCellModel.swift */,
				765BFE07217B4E3400FE36EA /* AddBoozeTableViewCell.swift */,
				765BFE08217B4E3400FE36EA /* AddBoozeTableViewCell.xib */,
			);
			path = AddBoozeTopTableViewCell;
			sourceTree = "<group>";
		};
		765BFE0F217B574C00FE36EA /* AddBoozeUserTableViewCell */ = {
			isa = PBXGroup;
			children = (
				765BFE10217B577500FE36EA /* AddBoozeUserTableViewCell.swift */,
				765BFE11217B577500FE36EA /* AddBoozeUserTableViewCell.xib */,
			);
			path = AddBoozeUserTableViewCell;
			sourceTree = "<group>";
		};
		765BFE14217B619600FE36EA /* AddBoozeHeaderTableView */ = {
			isa = PBXGroup;
			children = (
				765BFE15217B61CF00FE36EA /* AddBoozeHeaderTableView.swift */,
				765BFE17217B61EA00FE36EA /* AddBoozeHeaderTableView.xib */,
			);
			path = AddBoozeHeaderTableView;
			sourceTree = "<group>";
		};
		765BFE19217B661C00FE36EA /* AddBoozeInviteeTableViewCell */ = {
			isa = PBXGroup;
			children = (
				765BFE1A217B665300FE36EA /* AddBoozeInviteTableViewCell.swift */,
				765BFE1B217B665300FE36EA /* AddBoozeInviteTableViewCell.xib */,
			);
			path = AddBoozeInviteeTableViewCell;
			sourceTree = "<group>";
		};
		765BFE1E217B6B2800FE36EA /* AddBoozeCells */ = {
			isa = PBXGroup;
			children = (
				765BFE19217B661C00FE36EA /* AddBoozeInviteeTableViewCell */,
				765BFE14217B619600FE36EA /* AddBoozeHeaderTableView */,
				765BFE0F217B574C00FE36EA /* AddBoozeUserTableViewCell */,
				765BFE06217B4E0300FE36EA /* AddBoozeTopTableViewCell */,
			);
			path = AddBoozeCells;
			sourceTree = "<group>";
		};
		765BFE1F217B6B3600FE36EA /* ContactsVC */ = {
			isa = PBXGroup;
			children = (
				765BFE24217B6E5600FE36EA /* ContactTableViewCell */,
				765BFE20217B6C8100FE36EA /* Contacts.storyboard */,
				765BFE22217B6CB800FE36EA /* ContactsVC.swift */,
			);
			path = ContactsVC;
			sourceTree = "<group>";
		};
		765BFE24217B6E5600FE36EA /* ContactTableViewCell */ = {
			isa = PBXGroup;
			children = (
				765BFE29217B6E9E00FE36EA /* ContactTableViewCell.swift */,
				765BFE2A217B6E9E00FE36EA /* ContactTableViewCell.xib */,
			);
			path = ContactTableViewCell;
			sourceTree = "<group>";
		};
		765BFE36217C579B00FE36EA /* Booze */ = {
			isa = PBXGroup;
			children = (
				765BFE48217CA6B100FE36EA /* AddTransactionVC */,
				765BFE42217C6A1100FE36EA /* BoozeTransactionTableViewCell */,
				765BFE3B217C5CB700FE36EA /* BoozeUserTableViewCell */,
				765BFE37217C57BA00FE36EA /* BoozeVC.swift */,
				765BFE39217C57C700FE36EA /* Booze.storyboard */,
			);
			path = Booze;
			sourceTree = "<group>";
		};
		765BFE3B217C5CB700FE36EA /* BoozeUserTableViewCell */ = {
			isa = PBXGroup;
			children = (
				765BFE3E217C5D0800FE36EA /* BoozeUserTableViewCell.swift */,
				765BFE3F217C5D0800FE36EA /* BoozeUserTableViewCell.xib */,
			);
			path = BoozeUserTableViewCell;
			sourceTree = "<group>";
		};
		765BFE42217C6A1100FE36EA /* BoozeTransactionTableViewCell */ = {
			isa = PBXGroup;
			children = (
				765BFE43217C6A3500FE36EA /* BoozeTransactionTableViewCell.swift */,
				765BFE44217C6A3500FE36EA /* BoozeTransactionTableViewCell.xib */,
			);
			path = BoozeTransactionTableViewCell;
			sourceTree = "<group>";
		};
		765BFE48217CA6B100FE36EA /* AddTransactionVC */ = {
			isa = PBXGroup;
			children = (
				765BFE49217CA6E600FE36EA /* AddTransaction.storyboard */,
				765BFE4B217CA70100FE36EA /* AddTransactionVC.swift */,
			);
			path = AddTransactionVC;
			sourceTree = "<group>";
		};
		765BFE53217CBE0800FE36EA /* Views */ = {
			isa = PBXGroup;
			children = (
				765BFE58217CBF4D00FE36EA /* CustomDatePicker */,
			);
			path = Views;
			sourceTree = "<group>";
		};
		765BFE58217CBF4D00FE36EA /* CustomDatePicker */ = {
			isa = PBXGroup;
			children = (
				765BFE54217CBE8200FE36EA /* CustomDatePicker.xib */,
				765BFE56217CBF4900FE36EA /* CustomDatePicker.swift */,
			);
			path = CustomDatePicker;
			sourceTree = "<group>";
		};
		76EC976E217A4CB500A50261 = {
			isa = PBXGroup;
			children = (
				76EC9779217A4CB600A50261 /* booze-ios */,
				76EC9778217A4CB600A50261 /* Products */,
				81014BB5712D7F61DC4FDB39 /* Pods */,
				113A79F5C7AF51A34F10B084 /* Frameworks */,
			);
			sourceTree = "<group>";
		};
		76EC9778217A4CB600A50261 /* Products */ = {
			isa = PBXGroup;
			children = (
				76EC9777217A4CB600A50261 /* booze-ios.app */,
			);
			name = Products;
			sourceTree = "<group>";
		};
		76EC9779217A4CB600A50261 /* booze-ios */ = {
			isa = PBXGroup;
			children = (
				765BFE2D217B7AFE00FE36EA /* booze-ios.entitlements */,
				76EC977A217A4CB600A50261 /* AppDelegate.swift */,
				76EC9781217A4CB700A50261 /* Assets.xcassets */,
				76EC9783217A4CB700A50261 /* LaunchScreen.storyboard */,
				76EC9786217A4CB700A50261 /* Info.plist */,
				76EC9795217A54A300A50261 /* Resources */,
				76EC981C217AFD4A00A50261 /* Helpers */,
				76EC97AC217A763F00A50261 /* Extensions */,
				76EC9806217AD0F400A50261 /* UserSessionTracker */,
				76EC9815217AE3FE00A50261 /* Models */,
				765BFE53217CBE0800FE36EA /* Views */,
				76EC97A4217A660D00A50261 /* Core */,
				76EC978C217A4E8600A50261 /* App Sequence */,
			);
			path = "booze-ios";
			sourceTree = "<group>";
		};
		76EC978C217A4E8600A50261 /* App Sequence */ = {
			isa = PBXGroup;
			children = (
				76EC97C9217AA25000A50261 /* CodeConformition */,
				76EC97C2217A946D00A50261 /* Auth */,
				76EC9790217A4FCD00A50261 /* Profile */,
				76EC978F217A4FC700A50261 /* Boozies */,
				76EC978D217A4EBA00A50261 /* MainTabBarController.swift */,
			);
			path = "App Sequence";
			sourceTree = "<group>";
		};
		76EC978F217A4FC700A50261 /* Boozies */ = {
			isa = PBXGroup;
			children = (
				765BFE36217C579B00FE36EA /* Booze */,
				76EC97A9217A6ADE00A50261 /* AddBooze */,
				76EC979E217A5D9100A50261 /* BooziesTableViewCell */,
				76EC9791217A51EC00A50261 /* Boozies.storyboard */,
				76EC9793217A521300A50261 /* BooziesVC.swift */,
			);
			path = Boozies;
			sourceTree = "<group>";
		};
		76EC9790217A4FCD00A50261 /* Profile */ = {
			isa = PBXGroup;
			children = (
				76EC97FF217AB8B200A50261 /* ProfileExitTableViewCell */,
				76EC97F8217AB3E200A50261 /* ProfileTableViewCell */,
				76EC97F3217AB24600A50261 /* ProfileSwitchTableViewCell */,
				76EC97F1217AAF6C00A50261 /* ProfileUserTableViewCell */,
				76EC9798217A552C00A50261 /* Profile.storyboard */,
				76EC979A217A554E00A50261 /* ProfileVC.swift */,
			);
			path = Profile;
			sourceTree = "<group>";
		};
		76EC9795217A54A300A50261 /* Resources */ = {
			isa = PBXGroup;
			children = (
				76EC97CE217AA7D700A50261 /* Fonts */,
				76EC9796217A54B900A50261 /* ImageResources.swift */,
				76EC979C217A5CB500A50261 /* ColorResources.swift */,
			);
			path = Resources;
			sourceTree = "<group>";
		};
		76EC979E217A5D9100A50261 /* BooziesTableViewCell */ = {
			isa = PBXGroup;
			children = (
				76EC979F217A5DC600A50261 /* BooziesTableViewCell.swift */,
				76EC97A0217A5DC600A50261 /* BooziesTableViewCell.xib */,
			);
			path = BooziesTableViewCell;
			sourceTree = "<group>";
		};
		76EC97A4217A660D00A50261 /* Core */ = {
			isa = PBXGroup;
			children = (
				76EC9825217B30C700A50261 /* ContactClient */,
				76EC980F217ADCF800A50261 /* DataClient */,
				76EC980B217AD86600A50261 /* APIClient */,
			);
			path = Core;
			sourceTree = "<group>";
		};
		76EC97A9217A6ADE00A50261 /* AddBooze */ = {
			isa = PBXGroup;
			children = (
				765BFE1F217B6B3600FE36EA /* ContactsVC */,
				765BFE1E217B6B2800FE36EA /* AddBoozeCells */,
				76EC97AA217A6B0500A50261 /* AddBoozeVC.swift */,
				765BFE04217B4C2200FE36EA /* AddBooze.storyboard */,
			);
			path = AddBooze;
			sourceTree = "<group>";
		};
		76EC97AC217A763F00A50261 /* Extensions */ = {
			isa = PBXGroup;
			children = (
				76EC97AD217A766B00A50261 /* UIViewController+CustomNavigationBar.swift */,
				76EC97BE217A82E700A50261 /* UIImageView+CustomRoundImageView.swift */,
				76EC97C7217A955700A50261 /* UIColor+HexColor.swift */,
				76EC981F217B033F00A50261 /* UIViewController+LogoutAlert.swift */,
				76EC9821217B216800A50261 /* Array+CountToHumanString.swift */,
				76EC9823217B229800A50261 /* Int+TimeStumpToHumanDate.swift */,
				765BFE02217B4A1800FE36EA /* CNContact+ToCustomContact.swift */,
				765BFE0D217B515300FE36EA /* Date+ToHumanString.swift */,
				765BFE2E217BB63100FE36EA /* String+DateStringToTimeStumpInt.swift */,
			);
			path = Extensions;
			sourceTree = "<group>";
		};
		76EC97C2217A946D00A50261 /* Auth */ = {
			isa = PBXGroup;
			children = (
				76EC97C3217A94C200A50261 /* Auth.storyboard */,
				76EC97C5217A94FB00A50261 /* AuthVC.swift */,
			);
			path = Auth;
			sourceTree = "<group>";
		};
		76EC97C9217AA25000A50261 /* CodeConformition */ = {
			isa = PBXGroup;
			children = (
				76EC97CA217AA2A600A50261 /* CodeConformition.storyboard */,
				76EC97CC217AA2BE00A50261 /* CodeConformitionVC.swift */,
			);
			path = CodeConformition;
			sourceTree = "<group>";
		};
		76EC97CE217AA7D700A50261 /* Fonts */ = {
			isa = PBXGroup;
			children = (
				76EC97D2217AA7EE00A50261 /* LICENSE.txt */,
				76EC97D9217AA7EF00A50261 /* Roboto-Black.ttf */,
				76EC97D6217AA7EE00A50261 /* Roboto-Bold.ttf */,
				76EC97DB217AA7EF00A50261 /* Roboto-Light.ttf */,
				76EC97D8217AA7EF00A50261 /* Roboto-Medium.ttf */,
				76EC97D5217AA7EE00A50261 /* Roboto-Regular.ttf */,
			);
			path = Fonts;
			sourceTree = "<group>";
		};
		76EC97F1217AAF6C00A50261 /* ProfileUserTableViewCell */ = {
			isa = PBXGroup;
			children = (
				76EC97EE217AAF6700A50261 /* ProfileUserTableViewCell.swift */,
				76EC97ED217AAF6700A50261 /* ProfileUserTableViewCell.xib */,
			);
			path = ProfileUserTableViewCell;
			sourceTree = "<group>";
		};
		76EC97F3217AB24600A50261 /* ProfileSwitchTableViewCell */ = {
			isa = PBXGroup;
			children = (
				76EC97F4217AB27200A50261 /* ProfileSwitchTableViewCell.swift */,
				76EC97F5217AB27200A50261 /* ProfileSwitchTableViewCell.xib */,
			);
			path = ProfileSwitchTableViewCell;
			sourceTree = "<group>";
		};
		76EC97F8217AB3E200A50261 /* ProfileTableViewCell */ = {
			isa = PBXGroup;
			children = (
				76EC97FD217AB54500A50261 /* ProfileTableViewCellModel.swift */,
				76EC97F9217AB41100A50261 /* ProfileTableViewCell.swift */,
				76EC97FA217AB41100A50261 /* ProfileTableViewCell.xib */,
			);
			path = ProfileTableViewCell;
			sourceTree = "<group>";
		};
		76EC97FF217AB8B200A50261 /* ProfileExitTableViewCell */ = {
			isa = PBXGroup;
			children = (
				76EC9800217AB8DD00A50261 /* ProfileExitTableViewCell.swift */,
				76EC9801217AB8DD00A50261 /* ProfileExitTableViewCell.xib */,
			);
			path = ProfileExitTableViewCell;
			sourceTree = "<group>";
		};
		76EC9806217AD0F400A50261 /* UserSessionTracker */ = {
			isa = PBXGroup;
			children = (
				76EC9807217AD10C00A50261 /* UserSessionTracker.swift */,
			);
			path = UserSessionTracker;
			sourceTree = "<group>";
		};
		76EC980B217AD86600A50261 /* APIClient */ = {
			isa = PBXGroup;
			children = (
				76EC97A5217A662C00A50261 /* APIClient.swift */,
			);
			path = APIClient;
			sourceTree = "<group>";
		};
		76EC980F217ADCF800A50261 /* DataClient */ = {
			isa = PBXGroup;
			children = (
				76EC9812217AE1EB00A50261 /* DataClientModels */,
				76EC9810217ADD0C00A50261 /* DataClient.swift */,
			);
			path = DataClient;
			sourceTree = "<group>";
		};
		76EC9812217AE1EB00A50261 /* DataClientModels */ = {
			isa = PBXGroup;
			children = (
				76EC9816217AE44400A50261 /* RegistrationResponseModel.swift */,
				765BFE34217C521C00FE36EA /* PartyRequestModel.swift */,
				765BFE4D217CB21400FE36EA /* TransactionRequestModel.swift */,
				765BFE4F217CB46800FE36EA /* PaymentRequestModel.swift */,
				765BFE51217CB98000FE36EA /* LoginResponseModel.swift */,
				76BB109B217E67BD004962F0 /* PartyResponseModel.swift */,
			);
			path = DataClientModels;
			sourceTree = "<group>";
		};
		76EC9815217AE3FE00A50261 /* Models */ = {
			isa = PBXGroup;
			children = (
				76EC9813217AE24B00A50261 /* User.swift */,
				76EC9818217AED7000A50261 /* Party.swift */,
				765BFE00217B489400FE36EA /* Contact.swift */,
				765BFE30217BD58E00FE36EA /* Transaction.swift */,
			);
			path = Models;
			sourceTree = "<group>";
		};
		76EC981C217AFD4A00A50261 /* Helpers */ = {
			isa = PBXGroup;
			children = (
				76EC981D217AFD6C00A50261 /* AppRouter.swift */,
			);
			path = Helpers;
			sourceTree = "<group>";
		};
		76EC9825217B30C700A50261 /* ContactClient */ = {
			isa = PBXGroup;
			children = (
				76EC9826217B30E900A50261 /* ContactsClient.swift */,
			);
			path = ContactClient;
			sourceTree = "<group>";
		};
		81014BB5712D7F61DC4FDB39 /* Pods */ = {
			isa = PBXGroup;
			children = (
				05F6AE5A0F6699E75421B2C3 /* Pods-booze-ios.debug.xcconfig */,
				457F2E7944DA7402D4182466 /* Pods-booze-ios.release.xcconfig */,
			);
			name = Pods;
			sourceTree = "<group>";
		};
/* End PBXGroup section */

/* Begin PBXNativeTarget section */
		76EC9776217A4CB600A50261 /* booze-ios */ = {
			isa = PBXNativeTarget;
			buildConfigurationList = 76EC9789217A4CB700A50261 /* Build configuration list for PBXNativeTarget "booze-ios" */;
			buildPhases = (
				4B71AA07B68AF5C586993787 /* [CP] Check Pods Manifest.lock */,
				76EC9773217A4CB600A50261 /* Sources */,
				76EC9774217A4CB600A50261 /* Frameworks */,
				76EC9775217A4CB600A50261 /* Resources */,
				2A388B401E5F4AC476E41BBB /* [CP] Embed Pods Frameworks */,
			);
			buildRules = (
			);
			dependencies = (
			);
			name = "booze-ios";
			productName = "booze-ios";
			productReference = 76EC9777217A4CB600A50261 /* booze-ios.app */;
			productType = "com.apple.product-type.application";
		};
/* End PBXNativeTarget section */

/* Begin PBXProject section */
		76EC976F217A4CB500A50261 /* Project object */ = {
			isa = PBXProject;
			attributes = {
				LastSwiftUpdateCheck = 1000;
				LastUpgradeCheck = 1000;
				ORGANIZATIONNAME = "Владислав Марков";
				TargetAttributes = {
					76EC9776217A4CB600A50261 = {
						CreatedOnToolsVersion = 10.0;
						SystemCapabilities = {
							com.apple.Push = {
								enabled = 1;
							};
						};
					};
				};
			};
			buildConfigurationList = 76EC9772217A4CB500A50261 /* Build configuration list for PBXProject "booze-ios" */;
			compatibilityVersion = "Xcode 9.3";
			developmentRegion = en;
			hasScannedForEncodings = 0;
			knownRegions = (
				en,
				Base,
			);
			mainGroup = 76EC976E217A4CB500A50261;
			productRefGroup = 76EC9778217A4CB600A50261 /* Products */;
			projectDirPath = "";
			projectRoot = "";
			targets = (
				76EC9776217A4CB600A50261 /* booze-ios */,
			);
		};
/* End PBXProject section */

/* Begin PBXResourcesBuildPhase section */
		76EC9775217A4CB600A50261 /* Resources */ = {
			isa = PBXResourcesBuildPhase;
			buildActionMask = 2147483647;
			files = (
				765BFE2C217B6E9E00FE36EA /* ContactTableViewCell.xib in Resources */,
				765BFE13217B577500FE36EA /* AddBoozeUserTableViewCell.xib in Resources */,
				76EC97DF217AA7EF00A50261 /* LICENSE.txt in Resources */,
				76EC9785217A4CB700A50261 /* LaunchScreen.storyboard in Resources */,
				76EC9782217A4CB700A50261 /* Assets.xcassets in Resources */,
				76EC9799217A552C00A50261 /* Profile.storyboard in Resources */,
				765BFE41217C5D0800FE36EA /* BoozeUserTableViewCell.xib in Resources */,
				76EC97E5217AA7EF00A50261 /* Roboto-Medium.ttf in Resources */,
				765BFE0A217B4E3400FE36EA /* AddBoozeTableViewCell.xib in Resources */,
				765BFE21217B6C8100FE36EA /* Contacts.storyboard in Resources */,
				76EC97F7217AB27200A50261 /* ProfileSwitchTableViewCell.xib in Resources */,
				76EC9792217A51EC00A50261 /* Boozies.storyboard in Resources */,
				76EC97CB217AA2A600A50261 /* CodeConformition.storyboard in Resources */,
				76EC97E8217AA7EF00A50261 /* Roboto-Light.ttf in Resources */,
				76EC97A2217A5DC600A50261 /* BooziesTableViewCell.xib in Resources */,
				765BFE4A217CA6E600FE36EA /* AddTransaction.storyboard in Resources */,
				765BFE05217B4C2200FE36EA /* AddBooze.storyboard in Resources */,
				765BFE3A217C57C700FE36EA /* Booze.storyboard in Resources */,
				76EC97E6217AA7EF00A50261 /* Roboto-Black.ttf in Resources */,
				765BFE1D217B665300FE36EA /* AddBoozeInviteTableViewCell.xib in Resources */,
				765BFE55217CBE8200FE36EA /* CustomDatePicker.xib in Resources */,
				76EC97E2217AA7EF00A50261 /* Roboto-Regular.ttf in Resources */,
				76EC97E3217AA7EF00A50261 /* Roboto-Bold.ttf in Resources */,
				76EC97FC217AB41100A50261 /* ProfileTableViewCell.xib in Resources */,
				76EC9803217AB8DD00A50261 /* ProfileExitTableViewCell.xib in Resources */,
				765BFE46217C6A3500FE36EA /* BoozeTransactionTableViewCell.xib in Resources */,
				76EC97C4217A94C200A50261 /* Auth.storyboard in Resources */,
				76EC97EF217AAF6700A50261 /* ProfileUserTableViewCell.xib in Resources */,
				765BFE18217B61EA00FE36EA /* AddBoozeHeaderTableView.xib in Resources */,
			);
			runOnlyForDeploymentPostprocessing = 0;
		};
/* End PBXResourcesBuildPhase section */

/* Begin PBXShellScriptBuildPhase section */
		2A388B401E5F4AC476E41BBB /* [CP] Embed Pods Frameworks */ = {
			isa = PBXShellScriptBuildPhase;
			buildActionMask = 2147483647;
			files = (
			);
			inputFileListPaths = (
			);
			inputPaths = (
				"${SRCROOT}/Pods/Target Support Files/Pods-booze-ios/Pods-booze-ios-frameworks.sh",
				"${BUILT_PRODUCTS_DIR}/Alamofire/Alamofire.framework",
				"${BUILT_PRODUCTS_DIR}/KVNProgress/KVNProgress.framework",
				"${BUILT_PRODUCTS_DIR}/MaterialComponents/MaterialComponents.framework",
				"${BUILT_PRODUCTS_DIR}/SDWebImage/SDWebImage.framework",
			);
			name = "[CP] Embed Pods Frameworks";
			outputFileListPaths = (
			);
			outputPaths = (
				"${TARGET_BUILD_DIR}/${FRAMEWORKS_FOLDER_PATH}/Alamofire.framework",
				"${TARGET_BUILD_DIR}/${FRAMEWORKS_FOLDER_PATH}/KVNProgress.framework",
				"${TARGET_BUILD_DIR}/${FRAMEWORKS_FOLDER_PATH}/MaterialComponents.framework",
				"${TARGET_BUILD_DIR}/${FRAMEWORKS_FOLDER_PATH}/SDWebImage.framework",
			);
			runOnlyForDeploymentPostprocessing = 0;
			shellPath = /bin/sh;
			shellScript = "\"${SRCROOT}/Pods/Target Support Files/Pods-booze-ios/Pods-booze-ios-frameworks.sh\"\n";
			showEnvVarsInLog = 0;
		};
		4B71AA07B68AF5C586993787 /* [CP] Check Pods Manifest.lock */ = {
			isa = PBXShellScriptBuildPhase;
			buildActionMask = 2147483647;
			files = (
			);
			inputFileListPaths = (
			);
			inputPaths = (
				"${PODS_PODFILE_DIR_PATH}/Podfile.lock",
				"${PODS_ROOT}/Manifest.lock",
			);
			name = "[CP] Check Pods Manifest.lock";
			outputFileListPaths = (
			);
			outputPaths = (
				"$(DERIVED_FILE_DIR)/Pods-booze-ios-checkManifestLockResult.txt",
			);
			runOnlyForDeploymentPostprocessing = 0;
			shellPath = /bin/sh;
			shellScript = "diff \"${PODS_PODFILE_DIR_PATH}/Podfile.lock\" \"${PODS_ROOT}/Manifest.lock\" > /dev/null\nif [ $? != 0 ] ; then\n    # print error to STDERR\n    echo \"error: The sandbox is not in sync with the Podfile.lock. Run 'pod install' or update your CocoaPods installation.\" >&2\n    exit 1\nfi\n# This output is used by Xcode 'outputs' to avoid re-running this script phase.\necho \"SUCCESS\" > \"${SCRIPT_OUTPUT_FILE_0}\"\n";
			showEnvVarsInLog = 0;
		};
/* End PBXShellScriptBuildPhase section */

/* Begin PBXSourcesBuildPhase section */
		76EC9773217A4CB600A50261 /* Sources */ = {
			isa = PBXSourcesBuildPhase;
			buildActionMask = 2147483647;
			files = (
				765BFE57217CBF4900FE36EA /* CustomDatePicker.swift in Sources */,
				765BFE2B217B6E9E00FE36EA /* ContactTableViewCell.swift in Sources */,
				76EC979B217A554E00A50261 /* ProfileVC.swift in Sources */,
				765BFE12217B577500FE36EA /* AddBoozeUserTableViewCell.swift in Sources */,
				765BFE09217B4E3400FE36EA /* AddBoozeTableViewCell.swift in Sources */,
				76EC9820217B033F00A50261 /* UIViewController+LogoutAlert.swift in Sources */,
				765BFE4C217CA70200FE36EA /* AddTransactionVC.swift in Sources */,
				765BFE03217B4A1800FE36EA /* CNContact+ToCustomContact.swift in Sources */,
				765BFE23217B6CB800FE36EA /* ContactsVC.swift in Sources */,
				76EC97BF217A82E700A50261 /* UIImageView+CustomRoundImageView.swift in Sources */,
				76EC9827217B30E900A50261 /* ContactsClient.swift in Sources */,
				76EC97F6217AB27200A50261 /* ProfileSwitchTableViewCell.swift in Sources */,
				765BFE45217C6A3500FE36EA /* BoozeTransactionTableViewCell.swift in Sources */,
				765BFE16217B61CF00FE36EA /* AddBoozeHeaderTableView.swift in Sources */,
				765BFE4E217CB21400FE36EA /* TransactionRequestModel.swift in Sources */,
				76EC979D217A5CB500A50261 /* ColorResources.swift in Sources */,
				765BFE40217C5D0800FE36EA /* BoozeUserTableViewCell.swift in Sources */,
				76EC9794217A521300A50261 /* BooziesVC.swift in Sources */,
				76EC9811217ADD0C00A50261 /* DataClient.swift in Sources */,
				76EC97C6217A94FB00A50261 /* AuthVC.swift in Sources */,
				76EC97AB217A6B0500A50261 /* AddBoozeVC.swift in Sources */,
				76EC97FE217AB54500A50261 /* ProfileTableViewCellModel.swift in Sources */,
				76EC97A6217A662C00A50261 /* APIClient.swift in Sources */,
				765BFE01217B489400FE36EA /* Contact.swift in Sources */,
				76EC9814217AE24B00A50261 /* User.swift in Sources */,
				76EC97AE217A766B00A50261 /* UIViewController+CustomNavigationBar.swift in Sources */,
				765BFE2F217BB63100FE36EA /* String+DateStringToTimeStumpInt.swift in Sources */,
				76EC9797217A54B900A50261 /* ImageResources.swift in Sources */,
				765BFE38217C57BA00FE36EA /* BoozeVC.swift in Sources */,
				765BFE50217CB46800FE36EA /* PaymentRequestModel.swift in Sources */,
				76EC97F0217AAF6700A50261 /* ProfileUserTableViewCell.swift in Sources */,
				76EC97FB217AB41100A50261 /* ProfileTableViewCell.swift in Sources */,
				76EC97A1217A5DC600A50261 /* BooziesTableViewCell.swift in Sources */,
				76EC978E217A4EBA00A50261 /* MainTabBarController.swift in Sources */,
				76EC97C8217A955700A50261 /* UIColor+HexColor.swift in Sources */,
				765BFE0E217B515300FE36EA /* Date+ToHumanString.swift in Sources */,
				765BFE0C217B50BB00FE36EA /* AddBoozeTableViewCellModel.swift in Sources */,
				765BFE52217CB98000FE36EA /* LoginResponseModel.swift in Sources */,
				76EC981E217AFD6C00A50261 /* AppRouter.swift in Sources */,
				765BFE1C217B665300FE36EA /* AddBoozeInviteTableViewCell.swift in Sources */,
				765BFE35217C521C00FE36EA /* PartyRequestModel.swift in Sources */,
				76EC9817217AE44400A50261 /* RegistrationResponseModel.swift in Sources */,
				76EC9824217B229800A50261 /* Int+TimeStumpToHumanDate.swift in Sources */,
				76EC97CD217AA2BE00A50261 /* CodeConformitionVC.swift in Sources */,
				76EC977B217A4CB600A50261 /* AppDelegate.swift in Sources */,
				76EC9808217AD10C00A50261 /* UserSessionTracker.swift in Sources */,
				76EC9819217AED7000A50261 /* Party.swift in Sources */,
				76BB109C217E67BD004962F0 /* PartyResponseModel.swift in Sources */,
				76EC9802217AB8DD00A50261 /* ProfileExitTableViewCell.swift in Sources */,
				765BFE31217BD58E00FE36EA /* Transaction.swift in Sources */,
				76EC9822217B216800A50261 /* Array+CountToHumanString.swift in Sources */,
			);
			runOnlyForDeploymentPostprocessing = 0;
		};
/* End PBXSourcesBuildPhase section */

/* Begin PBXVariantGroup section */
		76EC9783217A4CB700A50261 /* LaunchScreen.storyboard */ = {
			isa = PBXVariantGroup;
			children = (
				76EC9784217A4CB700A50261 /* Base */,
			);
			name = LaunchScreen.storyboard;
			sourceTree = "<group>";
		};
/* End PBXVariantGroup section */

/* Begin XCBuildConfiguration section */
		76EC9787217A4CB700A50261 /* Debug */ = {
			isa = XCBuildConfiguration;
			buildSettings = {
				ALWAYS_SEARCH_USER_PATHS = NO;
				CLANG_ANALYZER_NONNULL = YES;
				CLANG_ANALYZER_NUMBER_OBJECT_CONVERSION = YES_AGGRESSIVE;
				CLANG_CXX_LANGUAGE_STANDARD = "gnu++14";
				CLANG_CXX_LIBRARY = "libc++";
				CLANG_ENABLE_MODULES = YES;
				CLANG_ENABLE_OBJC_ARC = YES;
				CLANG_ENABLE_OBJC_WEAK = YES;
				CLANG_WARN_BLOCK_CAPTURE_AUTORELEASING = YES;
				CLANG_WARN_BOOL_CONVERSION = YES;
				CLANG_WARN_COMMA = YES;
				CLANG_WARN_CONSTANT_CONVERSION = YES;
				CLANG_WARN_DEPRECATED_OBJC_IMPLEMENTATIONS = YES;
				CLANG_WARN_DIRECT_OBJC_ISA_USAGE = YES_ERROR;
				CLANG_WARN_DOCUMENTATION_COMMENTS = YES;
				CLANG_WARN_EMPTY_BODY = YES;
				CLANG_WARN_ENUM_CONVERSION = YES;
				CLANG_WARN_INFINITE_RECURSION = YES;
				CLANG_WARN_INT_CONVERSION = YES;
				CLANG_WARN_NON_LITERAL_NULL_CONVERSION = YES;
				CLANG_WARN_OBJC_IMPLICIT_RETAIN_SELF = YES;
				CLANG_WARN_OBJC_LITERAL_CONVERSION = YES;
				CLANG_WARN_OBJC_ROOT_CLASS = YES_ERROR;
				CLANG_WARN_RANGE_LOOP_ANALYSIS = YES;
				CLANG_WARN_STRICT_PROTOTYPES = YES;
				CLANG_WARN_SUSPICIOUS_MOVE = YES;
				CLANG_WARN_UNGUARDED_AVAILABILITY = YES_AGGRESSIVE;
				CLANG_WARN_UNREACHABLE_CODE = YES;
				CLANG_WARN__DUPLICATE_METHOD_MATCH = YES;
				CODE_SIGN_IDENTITY = "iPhone Developer";
				COPY_PHASE_STRIP = NO;
				DEBUG_INFORMATION_FORMAT = dwarf;
				ENABLE_STRICT_OBJC_MSGSEND = YES;
				ENABLE_TESTABILITY = YES;
				GCC_C_LANGUAGE_STANDARD = gnu11;
				GCC_DYNAMIC_NO_PIC = NO;
				GCC_NO_COMMON_BLOCKS = YES;
				GCC_OPTIMIZATION_LEVEL = 0;
				GCC_PREPROCESSOR_DEFINITIONS = (
					"DEBUG=1",
					"$(inherited)",
				);
				GCC_WARN_64_TO_32_BIT_CONVERSION = YES;
				GCC_WARN_ABOUT_RETURN_TYPE = YES_ERROR;
				GCC_WARN_UNDECLARED_SELECTOR = YES;
				GCC_WARN_UNINITIALIZED_AUTOS = YES_AGGRESSIVE;
				GCC_WARN_UNUSED_FUNCTION = YES;
				GCC_WARN_UNUSED_VARIABLE = YES;
				IPHONEOS_DEPLOYMENT_TARGET = 12.0;
				MTL_ENABLE_DEBUG_INFO = INCLUDE_SOURCE;
				MTL_FAST_MATH = YES;
				ONLY_ACTIVE_ARCH = YES;
				SDKROOT = iphoneos;
				SWIFT_ACTIVE_COMPILATION_CONDITIONS = DEBUG;
				SWIFT_OPTIMIZATION_LEVEL = "-Onone";
			};
			name = Debug;
		};
		76EC9788217A4CB700A50261 /* Release */ = {
			isa = XCBuildConfiguration;
			buildSettings = {
				ALWAYS_SEARCH_USER_PATHS = NO;
				CLANG_ANALYZER_NONNULL = YES;
				CLANG_ANALYZER_NUMBER_OBJECT_CONVERSION = YES_AGGRESSIVE;
				CLANG_CXX_LANGUAGE_STANDARD = "gnu++14";
				CLANG_CXX_LIBRARY = "libc++";
				CLANG_ENABLE_MODULES = YES;
				CLANG_ENABLE_OBJC_ARC = YES;
				CLANG_ENABLE_OBJC_WEAK = YES;
				CLANG_WARN_BLOCK_CAPTURE_AUTORELEASING = YES;
				CLANG_WARN_BOOL_CONVERSION = YES;
				CLANG_WARN_COMMA = YES;
				CLANG_WARN_CONSTANT_CONVERSION = YES;
				CLANG_WARN_DEPRECATED_OBJC_IMPLEMENTATIONS = YES;
				CLANG_WARN_DIRECT_OBJC_ISA_USAGE = YES_ERROR;
				CLANG_WARN_DOCUMENTATION_COMMENTS = YES;
				CLANG_WARN_EMPTY_BODY = YES;
				CLANG_WARN_ENUM_CONVERSION = YES;
				CLANG_WARN_INFINITE_RECURSION = YES;
				CLANG_WARN_INT_CONVERSION = YES;
				CLANG_WARN_NON_LITERAL_NULL_CONVERSION = YES;
				CLANG_WARN_OBJC_IMPLICIT_RETAIN_SELF = YES;
				CLANG_WARN_OBJC_LITERAL_CONVERSION = YES;
				CLANG_WARN_OBJC_ROOT_CLASS = YES_ERROR;
				CLANG_WARN_RANGE_LOOP_ANALYSIS = YES;
				CLANG_WARN_STRICT_PROTOTYPES = YES;
				CLANG_WARN_SUSPICIOUS_MOVE = YES;
				CLANG_WARN_UNGUARDED_AVAILABILITY = YES_AGGRESSIVE;
				CLANG_WARN_UNREACHABLE_CODE = YES;
				CLANG_WARN__DUPLICATE_METHOD_MATCH = YES;
				CODE_SIGN_IDENTITY = "iPhone Developer";
				COPY_PHASE_STRIP = NO;
				DEBUG_INFORMATION_FORMAT = "dwarf-with-dsym";
				ENABLE_NS_ASSERTIONS = NO;
				ENABLE_STRICT_OBJC_MSGSEND = YES;
				GCC_C_LANGUAGE_STANDARD = gnu11;
				GCC_NO_COMMON_BLOCKS = YES;
				GCC_WARN_64_TO_32_BIT_CONVERSION = YES;
				GCC_WARN_ABOUT_RETURN_TYPE = YES_ERROR;
				GCC_WARN_UNDECLARED_SELECTOR = YES;
				GCC_WARN_UNINITIALIZED_AUTOS = YES_AGGRESSIVE;
				GCC_WARN_UNUSED_FUNCTION = YES;
				GCC_WARN_UNUSED_VARIABLE = YES;
				IPHONEOS_DEPLOYMENT_TARGET = 12.0;
				MTL_ENABLE_DEBUG_INFO = NO;
				MTL_FAST_MATH = YES;
				SDKROOT = iphoneos;
				SWIFT_COMPILATION_MODE = wholemodule;
				SWIFT_OPTIMIZATION_LEVEL = "-O";
				VALIDATE_PRODUCT = YES;
			};
			name = Release;
		};
		76EC978A217A4CB700A50261 /* Debug */ = {
			isa = XCBuildConfiguration;
			baseConfigurationReference = 05F6AE5A0F6699E75421B2C3 /* Pods-booze-ios.debug.xcconfig */;
			buildSettings = {
				ASSETCATALOG_COMPILER_APPICON_NAME = AppIcon;
				CODE_SIGN_ENTITLEMENTS = "booze-ios/booze-ios.entitlements";
				CODE_SIGN_STYLE = Automatic;
				DEVELOPMENT_TEAM = P9ZG3TBQ8E;
				INFOPLIST_FILE = "booze-ios/Info.plist";
				IPHONEOS_DEPLOYMENT_TARGET = 11.4;
				LD_RUNPATH_SEARCH_PATHS = (
					"$(inherited)",
					"@executable_path/Frameworks",
				);
				PRODUCT_BUNDLE_IDENTIFIER = "profsoft.booze-ios";
				PRODUCT_NAME = "$(TARGET_NAME)";
				SWIFT_VERSION = 4.2;
				TARGETED_DEVICE_FAMILY = "1,2";
			};
			name = Debug;
		};
		76EC978B217A4CB700A50261 /* Release */ = {
			isa = XCBuildConfiguration;
			baseConfigurationReference = 457F2E7944DA7402D4182466 /* Pods-booze-ios.release.xcconfig */;
			buildSettings = {
				ASSETCATALOG_COMPILER_APPICON_NAME = AppIcon;
				CODE_SIGN_ENTITLEMENTS = "booze-ios/booze-ios.entitlements";
				CODE_SIGN_STYLE = Automatic;
				DEVELOPMENT_TEAM = P9ZG3TBQ8E;
				INFOPLIST_FILE = "booze-ios/Info.plist";
				IPHONEOS_DEPLOYMENT_TARGET = 11.4;
				LD_RUNPATH_SEARCH_PATHS = (
					"$(inherited)",
					"@executable_path/Frameworks",
				);
				PRODUCT_BUNDLE_IDENTIFIER = "profsoft.booze-ios";
				PRODUCT_NAME = "$(TARGET_NAME)";
				SWIFT_VERSION = 4.2;
				TARGETED_DEVICE_FAMILY = "1,2";
			};
			name = Release;
		};
/* End XCBuildConfiguration section */

/* Begin XCConfigurationList section */
		76EC9772217A4CB500A50261 /* Build configuration list for PBXProject "booze-ios" */ = {
			isa = XCConfigurationList;
			buildConfigurations = (
				76EC9787217A4CB700A50261 /* Debug */,
				76EC9788217A4CB700A50261 /* Release */,
			);
			defaultConfigurationIsVisible = 0;
			defaultConfigurationName = Release;
		};
		76EC9789217A4CB700A50261 /* Build configuration list for PBXNativeTarget "booze-ios" */ = {
			isa = XCConfigurationList;
			buildConfigurations = (
				76EC978A217A4CB700A50261 /* Debug */,
				76EC978B217A4CB700A50261 /* Release */,
			);
			defaultConfigurationIsVisible = 0;
			defaultConfigurationName = Release;
		};
/* End XCConfigurationList section */
	};
	rootObject = 76EC976F217A4CB500A50261 /* Project object */;
}
